
Microsoft Visual Studio Solution File, Format Version 12.00
# Visual Studio 2013
VisualStudioVersion = 12.0.31101.0
MinimumVisualStudioVersion = 10.0.40219.1
Project("{FAE04EC0-301F-11D3-BF4B-00C04F79EFBC}") = "BinaryGap", "BinaryGap\BinaryGap.csproj", "{C4C31BC8-925F-4F2C-869B-8DD890D447CD}"
EndProject
Project("{FAE04EC0-301F-11D3-BF4B-00C04F79EFBC}") = "OddOccurencesInArray", "OddOccurencesInArray\OddOccurencesInArray.csproj", "{4DA7E4DF-CC2F-4D6E-97A8-280494D76E7B}"
EndProject
Project("{FAE04EC0-301F-11D3-BF4B-00C04F79EFBC}") = "CycilicRotation", "CycilicRotation\CycilicRotation.csproj", "{E1EC7B74-FBFB-4060-8343-E47820577B5C}"
EndProject
Project("{FAE04EC0-301F-11D3-BF4B-00C04F79EFBC}") = "PermMissingElem", "PermMissingElem\PermMissingElem.csproj", "{272C5185-8185-4413-B17D-4AC3545738BB}"
EndProject
Project("{FAE04EC0-301F-11D3-BF4B-00C04F79EFBC}") = "FrogJmp", "FrogJmp\FrogJmp.csproj", "{B39EFE5D-22D8-4A52-9771-6878C552B958}"
EndProject
Project("{FAE04EC0-301F-11D3-BF4B-00C04F79EFBC}") = "TapeEquil", "TapeEquil\TapeEquil.csproj", "{A45F502A-14AE-455B-A3DD-D878EBC509E5}"
EndProject
Global
	GlobalSection(SolutionConfigurationPlatforms) = preSolution
		Debug|Any CPU = Debug|Any CPU
		Release|Any CPU = Release|Any CPU
	EndGlobalSection
	GlobalSection(ProjectConfigurationPlatforms) = postSolution
		{C4C31BC8-925F-4F2C-869B-8DD890D447CD}.Debug|Any CPU.ActiveCfg = Debug|Any CPU
		{C4C31BC8-925F-4F2C-869B-8DD890D447CD}.Debug|Any CPU.Build.0 = Debug|Any CPU
		{C4C31BC8-925F-4F2C-869B-8DD890D447CD}.Release|Any CPU.ActiveCfg = Release|Any CPU
		{C4C31BC8-925F-4F2C-869B-8DD890D447CD}.Release|Any CPU.Build.0 = Release|Any CPU
		{4DA7E4DF-CC2F-4D6E-97A8-280494D76E7B}.Debug|Any CPU.ActiveCfg = Debug|Any CPU
		{4DA7E4DF-CC2F-4D6E-97A8-280494D76E7B}.Debug|Any CPU.Build.0 = Debug|Any CPU
		{4DA7E4DF-CC2F-4D6E-97A8-280494D76E7B}.Release|Any CPU.ActiveCfg = Release|Any CPU
		{4DA7E4DF-CC2F-4D6E-97A8-280494D76E7B}.Release|Any CPU.Build.0 = Release|Any CPU
		{E1EC7B74-FBFB-4060-8343-E47820577B5C}.Debug|Any CPU.ActiveCfg = Debug|Any CPU
		{E1EC7B74-FBFB-4060-8343-E47820577B5C}.Debug|Any CPU.Build.0 = Debug|Any CPU
		{E1EC7B74-FBFB-4060-8343-E47820577B5C}.Release|Any CPU.ActiveCfg = Release|Any CPU
		{E1EC7B74-FBFB-4060-8343-E47820577B5C}.Release|Any CPU.Build.0 = Release|Any CPU
		{272C5185-8185-4413-B17D-4AC3545738BB}.Debug|Any CPU.ActiveCfg = Debug|Any CPU
		{272C5185-8185-4413-B17D-4AC3545738BB}.Debug|Any CPU.Build.0 = Debug|Any CPU
		{272C5185-8185-4413-B17D-4AC3545738BB}.Release|Any CPU.ActiveCfg = Release|Any CPU
		{272C5185-8185-4413-B17D-4AC3545738BB}.Release|Any CPU.Build.0 = Release|Any CPU
		{B39EFE5D-22D8-4A52-9771-6878C552B958}.Debug|Any CPU.ActiveCfg = Debug|Any CPU
		{B39EFE5D-22D8-4A52-9771-6878C552B958}.Debug|Any CPU.Build.0 = Debug|Any CPU
		{B39EFE5D-22D8-4A52-9771-6878C552B958}.Release|Any CPU.ActiveCfg = Release|Any CPU
		{B39EFE5D-22D8-4A52-9771-6878C552B958}.Release|Any CPU.Build.0 = Release|Any CPU
		{A45F502A-14AE-455B-A3DD-D878EBC509E5}.Debug|Any CPU.ActiveCfg = Debug|Any CPU
		{A45F502A-14AE-455B-A3DD-D878EBC509E5}.Debug|Any CPU.Build.0 = Debug|Any CPU
		{A45F502A-14AE-455B-A3DD-D878EBC509E5}.Release|Any CPU.ActiveCfg = Release|Any CPU
		{A45F502A-14AE-455B-A3DD-D878EBC509E5}.Release|Any CPU.Build.0 = Release|Any CPU
	EndGlobalSection
	GlobalSection(SolutionProperties) = preSolution
		HideSolutionNode = FALSE
	EndGlobalSection
EndGlobal
